// !$*UTF8*$!
{
	archiveVersion = 1;
	classes = {
	};
	objectVersion = 50;
	objects = {

/* Begin PBXBuildFile section */
		3A9F10592397F2C90022835D /* AppDelegate.swift in Sources */ = {isa = PBXBuildFile; fileRef = 3A9F10582397F2C90022835D /* AppDelegate.swift */; };
		3A9F105B2397F2C90022835D /* SceneDelegate.swift in Sources */ = {isa = PBXBuildFile; fileRef = 3A9F105A2397F2C90022835D /* SceneDelegate.swift */; };
		3A9F105D2397F2C90022835D /* ViewController.swift in Sources */ = {isa = PBXBuildFile; fileRef = 3A9F105C2397F2C90022835D /* ViewController.swift */; };
		3A9F10602397F2C90022835D /* Main.storyboard in Resources */ = {isa = PBXBuildFile; fileRef = 3A9F105E2397F2C90022835D /* Main.storyboard */; };
		3A9F10622397F2CF0022835D /* Assets.xcassets in Resources */ = {isa = PBXBuildFile; fileRef = 3A9F10612397F2CF0022835D /* Assets.xcassets */; };
		3A9F10652397F2CF0022835D /* LaunchScreen.storyboard in Resources */ = {isa = PBXBuildFile; fileRef = 3A9F10632397F2CF0022835D /* LaunchScreen.storyboard */; };
		3A9F106D2397F90B0022835D /* SecondView.swift in Sources */ = {isa = PBXBuildFile; fileRef = 3A9F106C2397F90B0022835D /* SecondView.swift */; };
/* End PBXBuildFile section */

/* Begin PBXFileReference section */
		3A9F10552397F2C90022835D /* Integrating SwiftUI into UIKit.app */ = {isa = PBXFileReference; explicitFileType = wrapper.application; includeInIndex = 0; path = "Integrating SwiftUI into UIKit.app"; sourceTree = BUILT_PRODUCTS_DIR; };
		3A9F10582397F2C90022835D /* AppDelegate.swift */ = {isa = PBXFileReference; lastKnownFileType = sourcecode.swift; path = AppDelegate.swift; sourceTree = "<group>"; };
		3A9F105A2397F2C90022835D /* SceneDelegate.swift */ = {isa = PBXFileReference; lastKnownFileType = sourcecode.swift; path = SceneDelegate.swift; sourceTree = "<group>"; };
		3A9F105C2397F2C90022835D /* ViewController.swift */ = {isa = PBXFileReference; lastKnownFileType = sourcecode.swift; path = ViewController.swift; sourceTree = "<group>"; };
		3A9F105F2397F2C90022835D /* Base */ = {isa = PBXFileReference; lastKnownFileType = file.storyboard; name = Base; path = Base.lproj/Main.storyboard; sourceTree = "<group>"; };
		3A9F10612397F2CF0022835D /* Assets.xcassets */ = {isa = PBXFileReference; lastKnownFileType = folder.assetcatalog; path = Assets.xcassets; sourceTree = "<group>"; };
		3A9F10642397F2CF0022835D /* Base */ = {isa = PBXFileReference; lastKnownFileType = file.storyboard; name = Base; path = Base.lproj/LaunchScreen.storyboard; sourceTree = "<group>"; };
		3A9F10662397F2CF0022835D /* Info.plist */ = {isa = PBXFileReference; lastKnownFileType = text.plist.xml; path = Info.plist; sourceTree = "<group>"; };
		3A9F106C2397F90B0022835D /* SecondView.swift */ = {isa = PBXFileReference; lastKnownFileType = sourcecode.swift; path = SecondView.swift; sourceTree = "<group>"; };
/* End PBXFileReference section */

/* Begin PBXFrameworksBuildPhase section */
		3A9F10522397F2C90022835D /* Frameworks */ = {
			isa = PBXFrameworksBuildPhase;
			buildActionMask = 2147483647;
			files = (
			);
			runOnlyForDeploymentPostprocessing = 0;
		};
/* End PBXFrameworksBuildPhase section */

/* Begin PBXGroup section */
		3A9F104C2397F2C90022835D = {
			isa = PBXGroup;
			children = (
				3A9F10572397F2C90022835D /* Integrating SwiftUI into UIKit */,
				3A9F10562397F2C90022835D /* Products */,
			);
			sourceTree = "<group>";
		};
		3A9F10562397F2C90022835D /* Products */ = {
			isa = PBXGroup;
			children = (
				3A9F10552397F2C90022835D /* Integrating SwiftUI into UIKit.app */,
			);
			name = Products;
			sourceTree = "<group>";
		};
		3A9F10572397F2C90022835D /* Integrating SwiftUI into UIKit */ = {
			isa = PBXGroup;
			children = (
				3A9F10582397F2C90022835D /* AppDelegate.swift */,
				3A9F105A2397F2C90022835D /* SceneDelegate.swift */,
				3A9F105C2397F2C90022835D /* ViewController.swift */,
				3A9F106C2397F90B0022835D /* SecondView.swift */,
				3A9F105E2397F2C90022835D /* Main.storyboard */,
				3A9F10612397F2CF0022835D /* Assets.xcassets */,
				3A9F10632397F2CF0022835D /* LaunchScreen.storyboard */,
				3A9F10662397F2CF0022835D /* Info.plist */,
			);
			path = "Integrating SwiftUI into UIKit";
			sourceTree = "<group>";
		};
/* End PBXGroup section */

/* Begin PBXNativeTarget section */
		3A9F10542397F2C90022835D /* Integrating SwiftUI into UIKit */ = {
			isa = PBXNativeTarget;
			buildConfigurationList = 3A9F10692397F2CF0022835D /* Build configuration list for PBXNativeTarget "Integrating SwiftUI into UIKit" */;
			buildPhases = (
				3A9F10512397F2C90022835D /* Sources */,
				3A9F10522397F2C90022835D /* Frameworks */,
				3A9F10532397F2C90022835D /* Resources */,
			);
			buildRules = (
			);
			dependencies = (
			);
			name = "Integrating SwiftUI into UIKit";
			productName = "Integrating SwiftUI into UIKit";
			productReference = 3A9F10552397F2C90022835D /* Integrating SwiftUI into UIKit.app */;
			productType = "com.apple.product-type.application";
		};
/* End PBXNativeTarget section */

/* Begin PBXProject section */
		3A9F104D2397F2C90022835D /* Project object */ = {
			isa = PBXProject;
			attributes = {
				LastSwiftUpdateCheck = 1120;
				LastUpgradeCheck = 1120;
				ORGANIZATIONNAME = "Can Balkaya";
				TargetAttributes = {
					3A9F10542397F2C90022835D = {
						CreatedOnToolsVersion = 11.2.1;
					};
				};
			};
			buildConfigurationList = 3A9F10502397F2C90022835D /* Build configuration list for PBXProject "Integrating SwiftUI into UIKit" */;
			compatibilityVersion = "Xcode 9.3";
			developmentRegion = en;
			hasScannedForEncodings = 0;
			knownRegions = (
				en,
				Base,
			);
			mainGroup = 3A9F104C2397F2C90022835D;
			productRefGroup = 3A9F10562397F2C90022835D /* Products */;
			projectDirPath = "";
			projectRoot = "";
			targets = (
				3A9F10542397F2C90022835D /* Integrating SwiftUI into UIKit */,
			);
		};
/* End PBXProject section */

/* Begin PBXResourcesBuildPhase section */
		3A9F10532397F2C90022835D /* Resources */ = {
			isa = PBXResourcesBuildPhase;
			buildActionMask = 2147483647;
			files = (
				3A9F10652397F2CF0022835D /* LaunchScreen.storyboard in Resources */,
				3A9F10622397F2CF0022835D /* Assets.xcassets in Resources */,
				3A9F10602397F2C90022835D /* Main.storyboard in Resources */,
			);
			runOnlyForDeploymentPostprocessing = 0;
		};
/* End PBXResourcesBuildPhase section */

/* Begin PBXSourcesBuildPhase section */
		3A9F10512397F2C90022835D /* Sources */ = {
			isa = PBXSourcesBuildPhase;
			buildActionMask = 2147483647;
			files = (
				3A9F105D2397F2C90022835D /* ViewController.swift in Sources */,
				3A9F10592397F2C90022835D /* AppDelegate.swift in Sources */,
				3A9F106D2397F90B0022835D /* SecondView.swift in Sources */,
				3A9F105B2397F2C90022835D /* SceneDelegate.swift in Sources */,
			);
			runOnlyForDeploymentPostprocessing = 0;
		};
/* End PBXSourcesBuildPhase section */

/* Begin PBXVariantGroup section */
		3A9F105E2397F2C90022835D /* Main.storyboard */ = {
			isa = PBXVariantGroup;
			children = (
				3A9F105F2397F2C90022835D /* Base */,
			);
			name = Main.storyboard;
			sourceTree = "<group>";
		};
		3A9F10632397F2CF0022835D /* LaunchScreen.storyboard */ = {
			isa = PBXVariantGroup;
			children = (
				3A9F10642397F2CF0022835D /* Base */,
			);
			name = LaunchScreen.storyboard;
			sourceTree = "<group>";
		};
/* End PBXVariantGroup section */

/* Begin XCBuildConfiguration section */
		3A9F10672397F2CF0022835D /* Debug */ = {
			isa = XCBuildConfiguration;
			buildSettings = {
				ALWAYS_SEARCH_USER_PATHS = NO;
				CLANG_ANALYZER_NONNULL = YES;
				CLANG_ANALYZER_NUMBER_OBJECT_CONVERSION = YES_AGGRESSIVE;
				CLANG_CXX_LANGUAGE_STANDARD = "gnu++14";
				CLANG_CXX_LIBRARY = "libc++";
				CLANG_ENABLE_MODULES = YES;
				CLANG_ENABLE_OBJC_ARC = YES;
				CLANG_ENABLE_OBJC_WEAK = YES;
				CLANG_WARN_BLOCK_CAPTURE_AUTORELEASING = YES;
				CLANG_WARN_BOOL_CONVERSION = YES;
				CLANG_WARN_COMMA = YES;
				CLANG_WARN_CONSTANT_CONVERSION = YES;
				CLANG_WARN_DEPRECATED_OBJC_IMPLEMENTATIONS = YES;
				CLANG_WARN_DIRECT_OBJC_ISA_USAGE = YES_ERROR;
				CLANG_WARN_DOCUMENTATION_COMMENTS = YES;
				CLANG_WARN_EMPTY_BODY = YES;
				CLANG_WARN_ENUM_CONVERSION = YES;
				CLANG_WARN_INFINITE_RECURSION = YES;
				CLANG_WARN_INT_CONVERSION = YES;
				CLANG_WARN_NON_LITERAL_NULL_CONVERSION = YES;
				CLANG_WARN_OBJC_IMPLICIT_RETAIN_SELF = YES;
				CLANG_WARN_OBJC_LITERAL_CONVERSION = YES;
				CLANG_WARN_OBJC_ROOT_CLASS = YES_ERROR;
				CLANG_WARN_RANGE_LOOP_ANALYSIS = YES;
				CLANG_WARN_STRICT_PROTOTYPES = YES;
				CLANG_WARN_SUSPICIOUS_MOVE = YES;
				CLANG_WARN_UNGUARDED_AVAILABILITY = YES_AGGRESSIVE;
				CLANG_WARN_UNREACHABLE_CODE = YES;
				CLANG_WARN__DUPLICATE_METHOD_MATCH = YES;
				COPY_PHASE_STRIP = NO;
				DEBUG_INFORMATION_FORMAT = dwarf;
				ENABLE_STRICT_OBJC_MSGSEND = YES;
				ENABLE_TESTABILITY = YES;
				GCC_C_LANGUAGE_STANDARD = gnu11;
				GCC_DYNAMIC_NO_PIC = NO;
				GCC_NO_COMMON_BLOCKS = YES;
				GCC_OPTIMIZATION_LEVEL = 0;
				GCC_PREPROCESSOR_DEFINITIONS = (
					"DEBUG=1",
					"$(inherited)",
				);
				GCC_WARN_64_TO_32_BIT_CONVERSION = YES;
				GCC_WARN_ABOUT_RETURN_TYPE = YES_ERROR;
				GCC_WARN_UNDECLARED_SELECTOR = YES;
				GCC_WARN_UNINITIALIZED_AUTOS = YES_AGGRESSIVE;
				GCC_WARN_UNUSED_FUNCTION = YES;
				GCC_WARN_UNUSED_VARIABLE = YES;
				IPHONEOS_DEPLOYMENT_TARGET = 13.2;
				MTL_ENABLE_DEBUG_INFO = INCLUDE_SOURCE;
				MTL_FAST_MATH = YES;
				ONLY_ACTIVE_ARCH = YES;
				SDKROOT = iphoneos;
				SWIFT_ACTIVE_COMPILATION_CONDITIONS = DEBUG;
				SWIFT_OPTIMIZATION_LEVEL = "-Onone";
			};
			name = Debug;
		};
		3A9F10682397F2CF0022835D /* Release */ = {
			isa = XCBuildConfiguration;
			buildSettings = {
				ALWAYS_SEARCH_USER_PATHS = NO;
				CLANG_ANALYZER_NONNULL = YES;
				CLANG_ANALYZER_NUMBER_OBJECT_CONVERSION = YES_AGGRESSIVE;
				CLANG_CXX_LANGUAGE_STANDARD = "gnu++14";
				CLANG_CXX_LIBRARY = "libc++";
				CLANG_ENABLE_MODULES = YES;
				CLANG_ENABLE_OBJC_ARC = YES;
				CLANG_ENABLE_OBJC_WEAK = YES;
				CLANG_WARN_BLOCK_CAPTURE_AUTORELEASING = YES;
				CLANG_WARN_BOOL_CONVERSION = YES;
				CLANG_WARN_COMMA = YES;
				CLANG_WARN_CONSTANT_CONVERSION = YES;
				CLANG_WARN_DEPRECATED_OBJC_IMPLEMENTATIONS = YES;
				CLANG_WARN_DIRECT_OBJC_ISA_USAGE = YES_ERROR;
				CLANG_WARN_DOCUMENTATION_COMMENTS = YES;
				CLANG_WARN_EMPTY_BODY = YES;
				CLANG_WARN_ENUM_CONVERSION = YES;
				CLANG_WARN_INFINITE_RECURSION = YES;
				CLANG_WARN_INT_CONVERSION = YES;
				CLANG_WARN_NON_LITERAL_NULL_CONVERSION = YES;
				CLANG_WARN_OBJC_IMPLICIT_RETAIN_SELF = YES;
				CLANG_WARN_OBJC_LITERAL_CONVERSION = YES;
				CLANG_WARN_OBJC_ROOT_CLASS = YES_ERROR;
				CLANG_WARN_RANGE_LOOP_ANALYSIS = YES;
				CLANG_WARN_STRICT_PROTOTYPES = YES;
				CLANG_WARN_SUSPICIOUS_MOVE = YES;
				CLANG_WARN_UNGUARDED_AVAILABILITY = YES_AGGRESSIVE;
				CLANG_WARN_UNREACHABLE_CODE = YES;
				CLANG_WARN__DUPLICATE_METHOD_MATCH = YES;
				COPY_PHASE_STRIP = NO;
				DEBUG_INFORMATION_FORMAT = "dwarf-with-dsym";
				ENABLE_NS_ASSERTIONS = NO;
				ENABLE_STRICT_OBJC_MSGSEND = YES;
				GCC_C_LANGUAGE_STANDARD = gnu11;
				GCC_NO_COMMON_BLOCKS = YES;
				GCC_WARN_64_TO_32_BIT_CONVERSION = YES;
				GCC_WARN_ABOUT_RETURN_TYPE = YES_ERROR;
				GCC_WARN_UNDECLARED_SELECTOR = YES;
				GCC_WARN_UNINITIALIZED_AUTOS = YES_AGGRESSIVE;
				GCC_WARN_UNUSED_FUNCTION = YES;
				GCC_WARN_UNUSED_VARIABLE = YES;
				IPHONEOS_DEPLOYMENT_TARGET = 13.2;
				MTL_ENABLE_DEBUG_INFO = NO;
				MTL_FAST_MATH = YES;
				SDKROOT = iphoneos;
				SWIFT_COMPILATION_MODE = wholemodule;
				SWIFT_OPTIMIZATION_LEVEL = "-O";
				VALIDATE_PRODUCT = YES;
			};
			name = Release;
		};
		3A9F106A2397F2CF0022835D /* Debug */ = {
			isa = XCBuildConfiguration;
			buildSettings = {
				ASSETCATALOG_COMPILER_APPICON_NAME = AppIcon;
				CODE_SIGN_STYLE = Automatic;
				DEVELOPMENT_TEAM = 84X92G2X4P;
				INFOPLIST_FILE = "Integrating SwiftUI into UIKit/Info.plist";
				LD_RUNPATH_SEARCH_PATHS = (
					"$(inherited)",
					"@executable_path/Frameworks",
				);
				PRODUCT_BUNDLE_IDENTIFIER = "CanBalkaya.Integrating-SwiftUI-into-UIKit";
				PRODUCT_NAME = "$(TARGET_NAME)";
				SWIFT_VERSION = 5.0;
				TARGETED_DEVICE_FAMILY = "1,2";
			};
			name = Debug;
		};
		3A9F106B2397F2CF0022835D /* Release */ = {
			isa = XCBuildConfiguration;
			buildSettings = {
				ASSETCATALOG_COMPILER_APPICON_NAME = AppIcon;
				CODE_SIGN_STYLE = Automatic;
				DEVELOPMENT_TEAM = 84X92G2X4P;
				INFOPLIST_FILE = "Integrating SwiftUI into UIKit/Info.plist";
				LD_RUNPATH_SEARCH_PATHS = (
					"$(inherited)",
					"@executable_path/Frameworks",
				);
				PRODUCT_BUNDLE_IDENTIFIER = "CanBalkaya.Integrating-SwiftUI-into-UIKit";
				PRODUCT_NAME = "$(TARGET_NAME)";
				SWIFT_VERSION = 5.0;
				TARGETED_DEVICE_FAMILY = "1,2";
			};
			name = Release;
		};
/* End XCBuildConfiguration section */

/* Begin XCConfigurationList section */
		3A9F10502397F2C90022835D /* Build configuration list for PBXProject "Integrating SwiftUI into UIKit" */ = {
			isa = XCConfigurationList;
			buildConfigurations = (
				3A9F10672397F2CF0022835D /* Debug */,
				3A9F10682397F2CF0022835D /* Release */,
			);
			defaultConfigurationIsVisible = 0;
			defaultConfigurationName = Release;
		};
		3A9F10692397F2CF0022835D /* Build configuration list for PBXNativeTarget "Integrating SwiftUI into UIKit" */ = {
			isa = XCConfigurationList;
			buildConfigurations = (
				3A9F106A2397F2CF0022835D /* Debug */,
				3A9F106B2397F2CF0022835D /* Release */,
			);
			defaultConfigurationIsVisible = 0;
			defaultConfigurationName = Release;
		};
/* End XCConfigurationList section */
	};
	rootObject = 3A9F104D2397F2C90022835D /* Project object */;
}
